
Microsoft Visual Studio Solution File, Format Version 12.00
# Visual Studio 14
VisualStudioVersion = 14.0.25420.1
MinimumVisualStudioVersion = 10.0.40219.1
Project("{F184B08F-C81C-45F6-A57F-5ABD9991F28F}") = "DesarrolloWindows", "DesarrolloWindows\DesarrolloWindows.vbproj", "{EB591893-5CFD-4D8D-B5BF-01208766C90B}"
EndProject
Project("{2150E333-8FDC-42A3-9474-1A3956D46DE8}") = "Scripts", "Scripts", "{8BE7CCC9-B87B-4A75-BAE0-ACC6C987F1C1}"
	ProjectSection(SolutionItems) = preProject
		BaseDeDatos.sql = BaseDeDatos.sql
	EndProjectSection
EndProject
Project("{2150E333-8FDC-42A3-9474-1A3956D46DE8}") = "VisualBasic", "VisualBasic", "{D7C2D71F-C2B2-4829-B6C3-4B879BDA6737}"
EndProject
Project("{FAE04EC0-301F-11D3-BF4B-00C04F79EFBC}") = "CapaNegocio", "CapaNegocio\CapaNegocio.csproj", "{8B140C8C-9F22-4C6E-8E1B-06D9770B1A56}"
EndProject
Global
	GlobalSection(SolutionConfigurationPlatforms) = preSolution
		Debug|Any CPU = Debug|Any CPU
		Release|Any CPU = Release|Any CPU
	EndGlobalSection
	GlobalSection(ProjectConfigurationPlatforms) = postSolution
		{EB591893-5CFD-4D8D-B5BF-01208766C90B}.Debug|Any CPU.ActiveCfg = Debug|Any CPU
		{EB591893-5CFD-4D8D-B5BF-01208766C90B}.Debug|Any CPU.Build.0 = Debug|Any CPU
		{EB591893-5CFD-4D8D-B5BF-01208766C90B}.Release|Any CPU.ActiveCfg = Release|Any CPU
		{EB591893-5CFD-4D8D-B5BF-01208766C90B}.Release|Any CPU.Build.0 = Release|Any CPU
		{8B140C8C-9F22-4C6E-8E1B-06D9770B1A56}.Debug|Any CPU.ActiveCfg = Debug|Any CPU
		{8B140C8C-9F22-4C6E-8E1B-06D9770B1A56}.Debug|Any CPU.Build.0 = Debug|Any CPU
		{8B140C8C-9F22-4C6E-8E1B-06D9770B1A56}.Release|Any CPU.ActiveCfg = Release|Any CPU
		{8B140C8C-9F22-4C6E-8E1B-06D9770B1A56}.Release|Any CPU.Build.0 = Release|Any CPU
	EndGlobalSection
	GlobalSection(SolutionProperties) = preSolution
		HideSolutionNode = FALSE
	EndGlobalSection
	GlobalSection(NestedProjects) = preSolution
		{EB591893-5CFD-4D8D-B5BF-01208766C90B} = {D7C2D71F-C2B2-4829-B6C3-4B879BDA6737}
	EndGlobalSection
EndGlobal
